
Microsoft Visual Studio Solution File, Format Version 12.00
# Visual Studio 15
VisualStudioVersion = 15.0.26430.16
MinimumVisualStudioVersion = 10.0.40219.1
Project("{9A19103F-16F7-4668-BE54-9A1E7A4F7556}") = "Buddy.Clash.DefaultSelectors", "src\Buddy.Clash.DefaultSelectors\Buddy.Clash.DefaultSelectors.csproj", "{05778BF2-A1CC-4071-9687-CCFF379186FA}"
EndProject
Project("{9A19103F-16F7-4668-BE54-9A1E7A4F7556}") = "Buddy.Clash.DefaultSelectors.Tests", "src\Buddy.Clash.DefaultSelectors.Tests\Buddy.Clash.DefaultSelectors.Tests.csproj", "{3E76D62A-2EB9-4B0D-8764-AD535F5BFFDB}"
EndProject
Global
	GlobalSection(SolutionConfigurationPlatforms) = preSolution
		Debug|Any CPU = Debug|Any CPU
		DebugIntegrated|Any CPU = DebugIntegrated|Any CPU
		Release|Any CPU = Release|Any CPU
		ReleaseIntegrated|Any CPU = ReleaseIntegrated|Any CPU
	EndGlobalSection
	GlobalSection(ProjectConfigurationPlatforms) = postSolution
		{05778BF2-A1CC-4071-9687-CCFF379186FA}.Debug|Any CPU.ActiveCfg = Debug|Any CPU
		{05778BF2-A1CC-4071-9687-CCFF379186FA}.Debug|Any CPU.Build.0 = Debug|Any CPU
		{05778BF2-A1CC-4071-9687-CCFF379186FA}.DebugIntegrated|Any CPU.ActiveCfg = DebugIntegrated|Any CPU
		{05778BF2-A1CC-4071-9687-CCFF379186FA}.DebugIntegrated|Any CPU.Build.0 = DebugIntegrated|Any CPU
		{05778BF2-A1CC-4071-9687-CCFF379186FA}.Release|Any CPU.ActiveCfg = Release|Any CPU
		{05778BF2-A1CC-4071-9687-CCFF379186FA}.Release|Any CPU.Build.0 = Release|Any CPU
		{05778BF2-A1CC-4071-9687-CCFF379186FA}.ReleaseIntegrated|Any CPU.ActiveCfg = ReleaseIntegrated|Any CPU
		{05778BF2-A1CC-4071-9687-CCFF379186FA}.ReleaseIntegrated|Any CPU.Build.0 = ReleaseIntegrated|Any CPU
		{3E76D62A-2EB9-4B0D-8764-AD535F5BFFDB}.Debug|Any CPU.ActiveCfg = Debug|Any CPU
		{3E76D62A-2EB9-4B0D-8764-AD535F5BFFDB}.Debug|Any CPU.Build.0 = Debug|Any CPU
		{3E76D62A-2EB9-4B0D-8764-AD535F5BFFDB}.DebugIntegrated|Any CPU.ActiveCfg = Debug|Any CPU
		{3E76D62A-2EB9-4B0D-8764-AD535F5BFFDB}.DebugIntegrated|Any CPU.Build.0 = Debug|Any CPU
		{3E76D62A-2EB9-4B0D-8764-AD535F5BFFDB}.Release|Any CPU.ActiveCfg = Release|Any CPU
		{3E76D62A-2EB9-4B0D-8764-AD535F5BFFDB}.Release|Any CPU.Build.0 = Release|Any CPU
		{3E76D62A-2EB9-4B0D-8764-AD535F5BFFDB}.ReleaseIntegrated|Any CPU.ActiveCfg = Release|Any CPU
		{3E76D62A-2EB9-4B0D-8764-AD535F5BFFDB}.ReleaseIntegrated|Any CPU.Build.0 = Release|Any CPU
	EndGlobalSection
	GlobalSection(SolutionProperties) = preSolution
		HideSolutionNode = FALSE
	EndGlobalSection
EndGlobal
